
Microsoft Visual Studio Solution File, Format Version 12.00
# Visual Studio Version 16
VisualStudioVersion = 25.0.1705.6
MinimumVisualStudioVersion = 10.0.40219.1
Project("{FAE04EC0-301F-11D3-BF4B-00C04F79EFBC}") = "Alitas", "Alitas\Alitas.csproj", "{5BE14133-8377-47A0-AC7F-B721A0F76882}"
EndProject
Project("{FAE04EC0-301F-11D3-BF4B-00C04F79EFBC}") = "Alitas.Entity", "Alitas.Entity\Alitas.Entity.csproj", "{70547A63-DABB-4B22-B12F-1C0B68E341F9}"
EndProject
Project("{FAE04EC0-301F-11D3-BF4B-00C04F79EFBC}") = "Alitas.Data", "Alitas.Data\Alitas.Data.csproj", "{B9014605-3871-447D-B44B-544F0DAE007E}"
EndProject
Project("{FAE04EC0-301F-11D3-BF4B-00C04F79EFBC}") = "Alitas.Service", "Alitas.Service\Alitas.Service.csproj", "{34AF27C1-514F-44F0-A41C-AB040908C58F}"
EndProject
Project("{FAE04EC0-301F-11D3-BF4B-00C04F79EFBC}") = "Alitas.Core", "Alitas.Core\Alitas.Core.csproj", "{A1A1E604-9959-423E-98ED-9E5BEECBB583}"
EndProject
Global
	GlobalSection(SolutionConfigurationPlatforms) = preSolution
		Debug|Any CPU = Debug|Any CPU
		Release|Any CPU = Release|Any CPU
	EndGlobalSection
	GlobalSection(ProjectConfigurationPlatforms) = postSolution
		{5BE14133-8377-47A0-AC7F-B721A0F76882}.Debug|Any CPU.ActiveCfg = Debug|Any CPU
		{5BE14133-8377-47A0-AC7F-B721A0F76882}.Debug|Any CPU.Build.0 = Debug|Any CPU
		{5BE14133-8377-47A0-AC7F-B721A0F76882}.Release|Any CPU.ActiveCfg = Release|Any CPU
		{5BE14133-8377-47A0-AC7F-B721A0F76882}.Release|Any CPU.Build.0 = Release|Any CPU
		{70547A63-DABB-4B22-B12F-1C0B68E341F9}.Debug|Any CPU.ActiveCfg = Debug|Any CPU
		{70547A63-DABB-4B22-B12F-1C0B68E341F9}.Debug|Any CPU.Build.0 = Debug|Any CPU
		{70547A63-DABB-4B22-B12F-1C0B68E341F9}.Release|Any CPU.ActiveCfg = Release|Any CPU
		{70547A63-DABB-4B22-B12F-1C0B68E341F9}.Release|Any CPU.Build.0 = Release|Any CPU
		{B9014605-3871-447D-B44B-544F0DAE007E}.Debug|Any CPU.ActiveCfg = Debug|Any CPU
		{B9014605-3871-447D-B44B-544F0DAE007E}.Debug|Any CPU.Build.0 = Debug|Any CPU
		{B9014605-3871-447D-B44B-544F0DAE007E}.Release|Any CPU.ActiveCfg = Release|Any CPU
		{B9014605-3871-447D-B44B-544F0DAE007E}.Release|Any CPU.Build.0 = Release|Any CPU
		{34AF27C1-514F-44F0-A41C-AB040908C58F}.Debug|Any CPU.ActiveCfg = Debug|Any CPU
		{34AF27C1-514F-44F0-A41C-AB040908C58F}.Debug|Any CPU.Build.0 = Debug|Any CPU
		{34AF27C1-514F-44F0-A41C-AB040908C58F}.Release|Any CPU.ActiveCfg = Release|Any CPU
		{34AF27C1-514F-44F0-A41C-AB040908C58F}.Release|Any CPU.Build.0 = Release|Any CPU
		{A1A1E604-9959-423E-98ED-9E5BEECBB583}.Debug|Any CPU.ActiveCfg = Debug|Any CPU
		{A1A1E604-9959-423E-98ED-9E5BEECBB583}.Debug|Any CPU.Build.0 = Debug|Any CPU
		{A1A1E604-9959-423E-98ED-9E5BEECBB583}.Release|Any CPU.ActiveCfg = Release|Any CPU
		{A1A1E604-9959-423E-98ED-9E5BEECBB583}.Release|Any CPU.Build.0 = Release|Any CPU
	EndGlobalSection
	GlobalSection(SolutionProperties) = preSolution
		HideSolutionNode = FALSE
	EndGlobalSection
	GlobalSection(ExtensibilityGlobals) = postSolution
		SolutionGuid = {E2C93071-0572-4467-9BC2-D959823E80DA}
	EndGlobalSection
EndGlobal
